
Microsoft Visual Studio Solution File, Format Version 12.00
# Visual Studio Version 16
VisualStudioVersion = 16.0.31410.357
MinimumVisualStudioVersion = 10.0.40219.1
Project("{FAE04EC0-301F-11D3-BF4B-00C04F79EFBC}") = "DemoProject", "DemoProject\DemoProject.csproj", "{DCCC9D29-F4E4-46E2-B7F5-F0F393B604F7}"
EndProject
Global
	GlobalSection(SolutionConfigurationPlatforms) = preSolution
		Debug|Any CPU = Debug|Any CPU
		Release|Any CPU = Release|Any CPU
	EndGlobalSection
	GlobalSection(ProjectConfigurationPlatforms) = postSolution
		{DCCC9D29-F4E4-46E2-B7F5-F0F393B604F7}.Debug|Any CPU.ActiveCfg = Debug|Any CPU
		{DCCC9D29-F4E4-46E2-B7F5-F0F393B604F7}.Debug|Any CPU.Build.0 = Debug|Any CPU
		{DCCC9D29-F4E4-46E2-B7F5-F0F393B604F7}.Release|Any CPU.ActiveCfg = Release|Any CPU
		{DCCC9D29-F4E4-46E2-B7F5-F0F393B604F7}.Release|Any CPU.Build.0 = Release|Any CPU
	EndGlobalSection
	GlobalSection(SolutionProperties) = preSolution
		HideSolutionNode = FALSE
	EndGlobalSection
	GlobalSection(ExtensibilityGlobals) = postSolution
		SolutionGuid = {623986DC-AE6C-4527-9EF0-E28AEC749CC3}
	EndGlobalSection
EndGlobal
